
Microsoft Visual Studio Solution File, Format Version 12.00
# Visual Studio 14
VisualStudioVersion = 14.0.24720.0
MinimumVisualStudioVersion = 10.0.40219.1
Project("{FAE04EC0-301F-11D3-BF4B-00C04F79EFBC}") = "ChatSystem", "ChatSystem\ChatSystem.csproj", "{D042EF33-CC07-4AA4-B10E-CD3F47369811}"
EndProject
Project("{FAE04EC0-301F-11D3-BF4B-00C04F79EFBC}") = "ChatSystemTests", "ChatSystemTests\ChatSystemTests.csproj", "{2D20EC69-7752-4B03-B655-C1E473DE77DC}"
EndProject
Global
	GlobalSection(SolutionConfigurationPlatforms) = preSolution
		Debug|Any CPU = Debug|Any CPU
		Release|Any CPU = Release|Any CPU
	EndGlobalSection
	GlobalSection(ProjectConfigurationPlatforms) = postSolution
		{D042EF33-CC07-4AA4-B10E-CD3F47369811}.Debug|Any CPU.ActiveCfg = Debug|Any CPU
		{D042EF33-CC07-4AA4-B10E-CD3F47369811}.Debug|Any CPU.Build.0 = Debug|Any CPU
		{D042EF33-CC07-4AA4-B10E-CD3F47369811}.Release|Any CPU.ActiveCfg = Release|Any CPU
		{D042EF33-CC07-4AA4-B10E-CD3F47369811}.Release|Any CPU.Build.0 = Release|Any CPU
		{2D20EC69-7752-4B03-B655-C1E473DE77DC}.Debug|Any CPU.ActiveCfg = Debug|Any CPU
		{2D20EC69-7752-4B03-B655-C1E473DE77DC}.Debug|Any CPU.Build.0 = Debug|Any CPU
		{2D20EC69-7752-4B03-B655-C1E473DE77DC}.Release|Any CPU.ActiveCfg = Release|Any CPU
		{2D20EC69-7752-4B03-B655-C1E473DE77DC}.Release|Any CPU.Build.0 = Release|Any CPU
	EndGlobalSection
	GlobalSection(SolutionProperties) = preSolution
		HideSolutionNode = FALSE
	EndGlobalSection
EndGlobal
